// !$*UTF8*$!
{
	archiveVersion = 1;
	classes = {
	};
	objectVersion = 46;
	objects = {

/* Begin PBXBuildFile section */
		2E84C6EFEA5F07B7351E2B65 /* libPods-NewsReader.a in Frameworks */ = {isa = PBXBuildFile; fileRef = A55F0D3E8FBA8CEBBB6D2425 /* libPods-NewsReader.a */; };
		8A7E41901BF225AF00490D75 /* main.m in Sources */ = {isa = PBXBuildFile; fileRef = 8A7E418F1BF225AF00490D75 /* main.m */; };
		8A7E41931BF225AF00490D75 /* AppDelegate.m in Sources */ = {isa = PBXBuildFile; fileRef = 8A7E41921BF225AF00490D75 /* AppDelegate.m */; };
		8A7E419B1BF225AF00490D75 /* Assets.xcassets in Resources */ = {isa = PBXBuildFile; fileRef = 8A7E419A1BF225AF00490D75 /* Assets.xcassets */; };
		8A7E419E1BF225AF00490D75 /* LaunchScreen.storyboard in Resources */ = {isa = PBXBuildFile; fileRef = 8A7E419C1BF225AF00490D75 /* LaunchScreen.storyboard */; };
		8A7E41A81BF226BE00490D75 /* ArticleListViewController.m in Sources */ = {isa = PBXBuildFile; fileRef = 8A7E41A61BF226BE00490D75 /* ArticleListViewController.m */; };
		8A7E41A91BF226BE00490D75 /* ArticleListViewController.xib in Resources */ = {isa = PBXBuildFile; fileRef = 8A7E41A71BF226BE00490D75 /* ArticleListViewController.xib */; };
		8A7E41AD1BF239F700490D75 /* ArticleViewController.m in Sources */ = {isa = PBXBuildFile; fileRef = 8A7E41AB1BF239F700490D75 /* ArticleViewController.m */; };
		8A7E41AE1BF239F700490D75 /* ArticleViewController.xib in Resources */ = {isa = PBXBuildFile; fileRef = 8A7E41AC1BF239F700490D75 /* ArticleViewController.xib */; };
		8A7E41B21BF241C600490D75 /* ArticleTableViewCell.m in Sources */ = {isa = PBXBuildFile; fileRef = 8A7E41B01BF241C600490D75 /* ArticleTableViewCell.m */; };
		8A7E41B31BF241C600490D75 /* ArticleTableViewCell.xib in Resources */ = {isa = PBXBuildFile; fileRef = 8A7E41B11BF241C600490D75 /* ArticleTableViewCell.xib */; };
		8A7E41B51BF3398F00490D75 /* Podfile in Resources */ = {isa = PBXBuildFile; fileRef = 8A7E41B41BF3398F00490D75 /* Podfile */; };
		8A7E41B81BF34F8B00490D75 /* NewsItem.m in Sources */ = {isa = PBXBuildFile; fileRef = 8A7E41B71BF34F8B00490D75 /* NewsItem.m */; };
/* End PBXBuildFile section */

/* Begin PBXFileReference section */
		8A7E418B1BF225AF00490D75 /* NewsReader.app */ = {isa = PBXFileReference; explicitFileType = wrapper.application; includeInIndex = 0; path = NewsReader.app; sourceTree = BUILT_PRODUCTS_DIR; };
		8A7E418F1BF225AF00490D75 /* main.m */ = {isa = PBXFileReference; lastKnownFileType = sourcecode.c.objc; path = main.m; sourceTree = "<group>"; };
		8A7E41911BF225AF00490D75 /* AppDelegate.h */ = {isa = PBXFileReference; lastKnownFileType = sourcecode.c.h; path = AppDelegate.h; sourceTree = "<group>"; };
		8A7E41921BF225AF00490D75 /* AppDelegate.m */ = {isa = PBXFileReference; lastKnownFileType = sourcecode.c.objc; path = AppDelegate.m; sourceTree = "<group>"; };
		8A7E419A1BF225AF00490D75 /* Assets.xcassets */ = {isa = PBXFileReference; lastKnownFileType = folder.assetcatalog; path = Assets.xcassets; sourceTree = "<group>"; };
		8A7E419D1BF225AF00490D75 /* Base */ = {isa = PBXFileReference; lastKnownFileType = file.storyboard; name = Base; path = Base.lproj/LaunchScreen.storyboard; sourceTree = "<group>"; };
		8A7E419F1BF225AF00490D75 /* Info.plist */ = {isa = PBXFileReference; lastKnownFileType = text.plist.xml; path = Info.plist; sourceTree = "<group>"; };
		8A7E41A51BF226BE00490D75 /* ArticleListViewController.h */ = {isa = PBXFileReference; fileEncoding = 4; lastKnownFileType = sourcecode.c.h; path = ArticleListViewController.h; sourceTree = "<group>"; };
		8A7E41A61BF226BE00490D75 /* ArticleListViewController.m */ = {isa = PBXFileReference; fileEncoding = 4; lastKnownFileType = sourcecode.c.objc; path = ArticleListViewController.m; sourceTree = "<group>"; };
		8A7E41A71BF226BE00490D75 /* ArticleListViewController.xib */ = {isa = PBXFileReference; fileEncoding = 4; lastKnownFileType = file.xib; path = ArticleListViewController.xib; sourceTree = "<group>"; };
		8A7E41AA1BF239F700490D75 /* ArticleViewController.h */ = {isa = PBXFileReference; fileEncoding = 4; lastKnownFileType = sourcecode.c.h; path = ArticleViewController.h; sourceTree = "<group>"; };
		8A7E41AB1BF239F700490D75 /* ArticleViewController.m */ = {isa = PBXFileReference; fileEncoding = 4; lastKnownFileType = sourcecode.c.objc; path = ArticleViewController.m; sourceTree = "<group>"; };
		8A7E41AC1BF239F700490D75 /* ArticleViewController.xib */ = {isa = PBXFileReference; fileEncoding = 4; lastKnownFileType = file.xib; path = ArticleViewController.xib; sourceTree = "<group>"; };
		8A7E41AF1BF241C600490D75 /* ArticleTableViewCell.h */ = {isa = PBXFileReference; fileEncoding = 4; lastKnownFileType = sourcecode.c.h; path = ArticleTableViewCell.h; sourceTree = "<group>"; };
		8A7E41B01BF241C600490D75 /* ArticleTableViewCell.m */ = {isa = PBXFileReference; fileEncoding = 4; lastKnownFileType = sourcecode.c.objc; path = ArticleTableViewCell.m; sourceTree = "<group>"; };
		8A7E41B11BF241C600490D75 /* ArticleTableViewCell.xib */ = {isa = PBXFileReference; fileEncoding = 4; lastKnownFileType = file.xib; path = ArticleTableViewCell.xib; sourceTree = "<group>"; };
		8A7E41B41BF3398F00490D75 /* Podfile */ = {isa = PBXFileReference; fileEncoding = 4; lastKnownFileType = text; path = Podfile; sourceTree = "<group>"; };
		8A7E41B61BF34F8B00490D75 /* NewsItem.h */ = {isa = PBXFileReference; fileEncoding = 4; lastKnownFileType = sourcecode.c.h; path = NewsItem.h; sourceTree = "<group>"; };
		8A7E41B71BF34F8B00490D75 /* NewsItem.m */ = {isa = PBXFileReference; fileEncoding = 4; lastKnownFileType = sourcecode.c.objc; path = NewsItem.m; sourceTree = "<group>"; };
		953D5BC5EFA60574CB9A3DBA /* Pods-NewsReader.release.xcconfig */ = {isa = PBXFileReference; includeInIndex = 1; lastKnownFileType = text.xcconfig; name = "Pods-NewsReader.release.xcconfig"; path = "Pods/Target Support Files/Pods-NewsReader/Pods-NewsReader.release.xcconfig"; sourceTree = "<group>"; };
		9C232F3C0B1D4A72C0891677 /* Pods-NewsReader.debug.xcconfig */ = {isa = PBXFileReference; includeInIndex = 1; lastKnownFileType = text.xcconfig; name = "Pods-NewsReader.debug.xcconfig"; path = "Pods/Target Support Files/Pods-NewsReader/Pods-NewsReader.debug.xcconfig"; sourceTree = "<group>"; };
		A55F0D3E8FBA8CEBBB6D2425 /* libPods-NewsReader.a */ = {isa = PBXFileReference; explicitFileType = archive.ar; includeInIndex = 0; path = "libPods-NewsReader.a"; sourceTree = BUILT_PRODUCTS_DIR; };
/* End PBXFileReference section */

/* Begin PBXFrameworksBuildPhase section */
		8A7E41881BF225AF00490D75 /* Frameworks */ = {
			isa = PBXFrameworksBuildPhase;
			buildActionMask = 2147483647;
			files = (
				2E84C6EFEA5F07B7351E2B65 /* libPods-NewsReader.a in Frameworks */,
			);
			runOnlyForDeploymentPostprocessing = 0;
		};
/* End PBXFrameworksBuildPhase section */

/* Begin PBXGroup section */
		1B1B5060439472E4DF696F37 /* Pods */ = {
			isa = PBXGroup;
			children = (
				9C232F3C0B1D4A72C0891677 /* Pods-NewsReader.debug.xcconfig */,
				953D5BC5EFA60574CB9A3DBA /* Pods-NewsReader.release.xcconfig */,
			);
			name = Pods;
			sourceTree = "<group>";
		};
		6219A6622F57B771B9DBB896 /* Frameworks */ = {
			isa = PBXGroup;
			children = (
				A55F0D3E8FBA8CEBBB6D2425 /* libPods-NewsReader.a */,
			);
			name = Frameworks;
			sourceTree = "<group>";
		};
		8A7E41821BF225AF00490D75 = {
			isa = PBXGroup;
			children = (
				8A7E41B41BF3398F00490D75 /* Podfile */,
				8A7E418D1BF225AF00490D75 /* NewsReader */,
				8A7E418C1BF225AF00490D75 /* Products */,
				1B1B5060439472E4DF696F37 /* Pods */,
				6219A6622F57B771B9DBB896 /* Frameworks */,
			);
			sourceTree = "<group>";
		};
		8A7E418C1BF225AF00490D75 /* Products */ = {
			isa = PBXGroup;
			children = (
				8A7E418B1BF225AF00490D75 /* NewsReader.app */,
			);
			name = Products;
			sourceTree = "<group>";
		};
		8A7E418D1BF225AF00490D75 /* NewsReader */ = {
			isa = PBXGroup;
			children = (
				8A7E41911BF225AF00490D75 /* AppDelegate.h */,
				8A7E41921BF225AF00490D75 /* AppDelegate.m */,
				8A7E41A51BF226BE00490D75 /* ArticleListViewController.h */,
				8A7E41A61BF226BE00490D75 /* ArticleListViewController.m */,
				8A7E41AF1BF241C600490D75 /* ArticleTableViewCell.h */,
				8A7E41B01BF241C600490D75 /* ArticleTableViewCell.m */,
				8A7E41B11BF241C600490D75 /* ArticleTableViewCell.xib */,
				8A7E41AA1BF239F700490D75 /* ArticleViewController.h */,
				8A7E41AB1BF239F700490D75 /* ArticleViewController.m */,
				8A7E41AC1BF239F700490D75 /* ArticleViewController.xib */,
				8A7E41A71BF226BE00490D75 /* ArticleListViewController.xib */,
				8A7E419A1BF225AF00490D75 /* Assets.xcassets */,
				8A7E419C1BF225AF00490D75 /* LaunchScreen.storyboard */,
				8A7E419F1BF225AF00490D75 /* Info.plist */,
				8A7E418E1BF225AF00490D75 /* Supporting Files */,
				8A7E41B61BF34F8B00490D75 /* NewsItem.h */,
				8A7E41B71BF34F8B00490D75 /* NewsItem.m */,
			);
			path = NewsReader;
			sourceTree = "<group>";
		};
		8A7E418E1BF225AF00490D75 /* Supporting Files */ = {
			isa = PBXGroup;
			children = (
				8A7E418F1BF225AF00490D75 /* main.m */,
			);
			name = "Supporting Files";
			sourceTree = "<group>";
		};
/* End PBXGroup section */

/* Begin PBXNativeTarget section */
		8A7E418A1BF225AF00490D75 /* NewsReader */ = {
			isa = PBXNativeTarget;
			buildConfigurationList = 8A7E41A21BF225AF00490D75 /* Build configuration list for PBXNativeTarget "NewsReader" */;
			buildPhases = (
				CC2EBDD8473658685A869493 /* Check Pods Manifest.lock */,
				8A7E41871BF225AF00490D75 /* Sources */,
				8A7E41881BF225AF00490D75 /* Frameworks */,
				8A7E41891BF225AF00490D75 /* Resources */,
				4625A4EBA20979C165322A00 /* Embed Pods Frameworks */,
				BFF766BA0FEC83D1D3285879 /* Copy Pods Resources */,
			);
			buildRules = (
			);
			dependencies = (
			);
			name = NewsReader;
			productName = NewsReader;
			productReference = 8A7E418B1BF225AF00490D75 /* NewsReader.app */;
			productType = "com.apple.product-type.application";
		};
/* End PBXNativeTarget section */

/* Begin PBXProject section */
		8A7E41831BF225AF00490D75 /* Project object */ = {
			isa = PBXProject;
			attributes = {
				LastUpgradeCheck = 0710;
				ORGANIZATIONNAME = rentit;
				TargetAttributes = {
					8A7E418A1BF225AF00490D75 = {
						CreatedOnToolsVersion = 7.1;
					};
				};
			};
			buildConfigurationList = 8A7E41861BF225AF00490D75 /* Build configuration list for PBXProject "NewsReader" */;
			compatibilityVersion = "Xcode 3.2";
			developmentRegion = English;
			hasScannedForEncodings = 0;
			knownRegions = (
				en,
				Base,
			);
			mainGroup = 8A7E41821BF225AF00490D75;
			productRefGroup = 8A7E418C1BF225AF00490D75 /* Products */;
			projectDirPath = "";
			projectRoot = "";
			targets = (
				8A7E418A1BF225AF00490D75 /* NewsReader */,
			);
		};
/* End PBXProject section */

/* Begin PBXResourcesBuildPhase section */
		8A7E41891BF225AF00490D75 /* Resources */ = {
			isa = PBXResourcesBuildPhase;
			buildActionMask = 2147483647;
			files = (
				8A7E41B51BF3398F00490D75 /* Podfile in Resources */,
				8A7E41B31BF241C600490D75 /* ArticleTableViewCell.xib in Resources */,
				8A7E41A91BF226BE00490D75 /* ArticleListViewController.xib in Resources */,
				8A7E41AE1BF239F700490D75 /* ArticleViewController.xib in Resources */,
				8A7E419E1BF225AF00490D75 /* LaunchScreen.storyboard in Resources */,
				8A7E419B1BF225AF00490D75 /* Assets.xcassets in Resources */,
			);
			runOnlyForDeploymentPostprocessing = 0;
		};
/* End PBXResourcesBuildPhase section */

/* Begin PBXShellScriptBuildPhase section */
		4625A4EBA20979C165322A00 /* Embed Pods Frameworks */ = {
			isa = PBXShellScriptBuildPhase;
			buildActionMask = 2147483647;
			files = (
			);
			inputPaths = (
			);
			name = "Embed Pods Frameworks";
			outputPaths = (
			);
			runOnlyForDeploymentPostprocessing = 0;
			shellPath = /bin/sh;
			shellScript = "\"${SRCROOT}/Pods/Target Support Files/Pods-NewsReader/Pods-NewsReader-frameworks.sh\"\n";
			showEnvVarsInLog = 0;
		};
		BFF766BA0FEC83D1D3285879 /* Copy Pods Resources */ = {
			isa = PBXShellScriptBuildPhase;
			buildActionMask = 2147483647;
			files = (
			);
			inputPaths = (
			);
			name = "Copy Pods Resources";
			outputPaths = (
			);
			runOnlyForDeploymentPostprocessing = 0;
			shellPath = /bin/sh;
			shellScript = "\"${SRCROOT}/Pods/Target Support Files/Pods-NewsReader/Pods-NewsReader-resources.sh\"\n";
			showEnvVarsInLog = 0;
		};
		CC2EBDD8473658685A869493 /* Check Pods Manifest.lock */ = {
			isa = PBXShellScriptBuildPhase;
			buildActionMask = 2147483647;
			files = (
			);
			inputPaths = (
			);
			name = "Check Pods Manifest.lock";
			outputPaths = (
			);
			runOnlyForDeploymentPostprocessing = 0;
			shellPath = /bin/sh;
			shellScript = "diff \"${PODS_ROOT}/../Podfile.lock\" \"${PODS_ROOT}/Manifest.lock\" > /dev/null\nif [[ $? != 0 ]] ; then\n    cat << EOM\nerror: The sandbox is not in sync with the Podfile.lock. Run 'pod install' or update your CocoaPods installation.\nEOM\n    exit 1\nfi\n";
			showEnvVarsInLog = 0;
		};
/* End PBXShellScriptBuildPhase section */

/* Begin PBXSourcesBuildPhase section */
		8A7E41871BF225AF00490D75 /* Sources */ = {
			isa = PBXSourcesBuildPhase;
			buildActionMask = 2147483647;
			files = (
				8A7E41931BF225AF00490D75 /* AppDelegate.m in Sources */,
				8A7E41AD1BF239F700490D75 /* ArticleViewController.m in Sources */,
				8A7E41A81BF226BE00490D75 /* ArticleListViewController.m in Sources */,
				8A7E41B81BF34F8B00490D75 /* NewsItem.m in Sources */,
				8A7E41B21BF241C600490D75 /* ArticleTableViewCell.m in Sources */,
				8A7E41901BF225AF00490D75 /* main.m in Sources */,
			);
			runOnlyForDeploymentPostprocessing = 0;
		};
/* End PBXSourcesBuildPhase section */

/* Begin PBXVariantGroup section */
		8A7E419C1BF225AF00490D75 /* LaunchScreen.storyboard */ = {
			isa = PBXVariantGroup;
			children = (
				8A7E419D1BF225AF00490D75 /* Base */,
			);
			name = LaunchScreen.storyboard;
			sourceTree = "<group>";
		};
/* End PBXVariantGroup section */

/* Begin XCBuildConfiguration section */
		8A7E41A01BF225AF00490D75 /* Debug */ = {
			isa = XCBuildConfiguration;
			buildSettings = {
				ALWAYS_SEARCH_USER_PATHS = NO;
				CLANG_CXX_LANGUAGE_STANDARD = "gnu++0x";
				CLANG_CXX_LIBRARY = "libc++";
				CLANG_ENABLE_MODULES = YES;
				CLANG_ENABLE_OBJC_ARC = YES;
				CLANG_WARN_BOOL_CONVERSION = YES;
				CLANG_WARN_CONSTANT_CONVERSION = YES;
				CLANG_WARN_DIRECT_OBJC_ISA_USAGE = YES_ERROR;
				CLANG_WARN_EMPTY_BODY = YES;
				CLANG_WARN_ENUM_CONVERSION = YES;
				CLANG_WARN_INT_CONVERSION = YES;
				CLANG_WARN_OBJC_ROOT_CLASS = YES_ERROR;
				CLANG_WARN_UNREACHABLE_CODE = YES;
				CLANG_WARN__DUPLICATE_METHOD_MATCH = YES;
				"CODE_SIGN_IDENTITY[sdk=iphoneos*]" = "iPhone Developer";
				COPY_PHASE_STRIP = NO;
				DEBUG_INFORMATION_FORMAT = dwarf;
				ENABLE_STRICT_OBJC_MSGSEND = YES;
				ENABLE_TESTABILITY = YES;
				GCC_C_LANGUAGE_STANDARD = gnu99;
				GCC_DYNAMIC_NO_PIC = NO;
				GCC_NO_COMMON_BLOCKS = YES;
				GCC_OPTIMIZATION_LEVEL = 0;
				GCC_PREPROCESSOR_DEFINITIONS = (
					"DEBUG=1",
					"$(inherited)",
				);
				GCC_WARN_64_TO_32_BIT_CONVERSION = YES;
				GCC_WARN_ABOUT_RETURN_TYPE = YES_ERROR;
				GCC_WARN_UNDECLARED_SELECTOR = YES;
				GCC_WARN_UNINITIALIZED_AUTOS = YES_AGGRESSIVE;
				GCC_WARN_UNUSED_FUNCTION = YES;
				GCC_WARN_UNUSED_VARIABLE = YES;
				IPHONEOS_DEPLOYMENT_TARGET = 9.1;
				MTL_ENABLE_DEBUG_INFO = YES;
				ONLY_ACTIVE_ARCH = YES;
				SDKROOT = iphoneos;
			};
			name = Debug;
		};
		8A7E41A11BF225AF00490D75 /* Release */ = {
			isa = XCBuildConfiguration;
			buildSettings = {
				ALWAYS_SEARCH_USER_PATHS = NO;
				CLANG_CXX_LANGUAGE_STANDARD = "gnu++0x";
				CLANG_CXX_LIBRARY = "libc++";
				CLANG_ENABLE_MODULES = YES;
				CLANG_ENABLE_OBJC_ARC = YES;
				CLANG_WARN_BOOL_CONVERSION = YES;
				CLANG_WARN_CONSTANT_CONVERSION = YES;
				CLANG_WARN_DIRECT_OBJC_ISA_USAGE = YES_ERROR;
				CLANG_WARN_EMPTY_BODY = YES;
				CLANG_WARN_ENUM_CONVERSION = YES;
				CLANG_WARN_INT_CONVERSION = YES;
				CLANG_WARN_OBJC_ROOT_CLASS = YES_ERROR;
				CLANG_WARN_UNREACHABLE_CODE = YES;
				CLANG_WARN__DUPLICATE_METHOD_MATCH = YES;
				"CODE_SIGN_IDENTITY[sdk=iphoneos*]" = "iPhone Developer";
				COPY_PHASE_STRIP = NO;
				DEBUG_INFORMATION_FORMAT = "dwarf-with-dsym";
				ENABLE_NS_ASSERTIONS = NO;
				ENABLE_STRICT_OBJC_MSGSEND = YES;
				GCC_C_LANGUAGE_STANDARD = gnu99;
				GCC_NO_COMMON_BLOCKS = YES;
				GCC_WARN_64_TO_32_BIT_CONVERSION = YES;
				GCC_WARN_ABOUT_RETURN_TYPE = YES_ERROR;
				GCC_WARN_UNDECLARED_SELECTOR = YES;
				GCC_WARN_UNINITIALIZED_AUTOS = YES_AGGRESSIVE;
				GCC_WARN_UNUSED_FUNCTION = YES;
				GCC_WARN_UNUSED_VARIABLE = YES;
				IPHONEOS_DEPLOYMENT_TARGET = 9.1;
				MTL_ENABLE_DEBUG_INFO = NO;
				SDKROOT = iphoneos;
				VALIDATE_PRODUCT = YES;
			};
			name = Release;
		};
		8A7E41A31BF225AF00490D75 /* Debug */ = {
			isa = XCBuildConfiguration;
			baseConfigurationReference = 9C232F3C0B1D4A72C0891677 /* Pods-NewsReader.debug.xcconfig */;
			buildSettings = {
				ASSETCATALOG_COMPILER_APPICON_NAME = AppIcon;
				INFOPLIST_FILE = NewsReader/Info.plist;
				LD_RUNPATH_SEARCH_PATHS = "$(inherited) @executable_path/Frameworks";
				PRODUCT_BUNDLE_IDENTIFIER = t360.NewsReader;
				PRODUCT_NAME = "$(TARGET_NAME)";
			};
			name = Debug;
		};
		8A7E41A41BF225AF00490D75 /* Release */ = {
			isa = XCBuildConfiguration;
			baseConfigurationReference = 953D5BC5EFA60574CB9A3DBA /* Pods-NewsReader.release.xcconfig */;
			buildSettings = {
				ASSETCATALOG_COMPILER_APPICON_NAME = AppIcon;
				INFOPLIST_FILE = NewsReader/Info.plist;
				LD_RUNPATH_SEARCH_PATHS = "$(inherited) @executable_path/Frameworks";
				PRODUCT_BUNDLE_IDENTIFIER = t360.NewsReader;
				PRODUCT_NAME = "$(TARGET_NAME)";
			};
			name = Release;
		};
/* End XCBuildConfiguration section */

/* Begin XCConfigurationList section */
		8A7E41861BF225AF00490D75 /* Build configuration list for PBXProject "NewsReader" */ = {
			isa = XCConfigurationList;
			buildConfigurations = (
				8A7E41A01BF225AF00490D75 /* Debug */,
				8A7E41A11BF225AF00490D75 /* Release */,
			);
			defaultConfigurationIsVisible = 0;
			defaultConfigurationName = Release;
		};
		8A7E41A21BF225AF00490D75 /* Build configuration list for PBXNativeTarget "NewsReader" */ = {
			isa = XCConfigurationList;
			buildConfigurations = (
				8A7E41A31BF225AF00490D75 /* Debug */,
				8A7E41A41BF225AF00490D75 /* Release */,
			);
			defaultConfigurationIsVisible = 0;
			defaultConfigurationName = Release;
		};
/* End XCConfigurationList section */
	};
	rootObject = 8A7E41831BF225AF00490D75 /* Project object */;
}
